
Microsoft Visual Studio Solution File, Format Version 12.00
# Visual Studio Version 17
VisualStudioVersion = 17.2.32519.379
MinimumVisualStudioVersion = 10.0.40219.1
Project("{9A19103F-16F7-4668-BE54-9A1E7A4F7556}") = "LessonOneALevel", "LessonOneALevel\LessonOneALevel.csproj", "{1EC5E81F-2A3C-4B15-A2D3-FAD87DCACA87}"
EndProject
Project("{9A19103F-16F7-4668-BE54-9A1E7A4F7556}") = "HelloMessagesLib", "HelloWorldLib\HelloMessagesLib.csproj", "{132E47B6-7A22-4C83-AE94-DD2A80564092}"
EndProject
Project("{9A19103F-16F7-4668-BE54-9A1E7A4F7556}") = "LowLevelMathematicsLib", "LowLevelMathematicsLib\LowLevelMathematicsLib.csproj", "{575F51B7-6265-44DC-A5C0-B6AFC2C66D05}"
EndProject
Project("{9A19103F-16F7-4668-BE54-9A1E7A4F7556}") = "MathematicsLib", "MatheticsLib\MathematicsLib.csproj", "{133FD193-19BE-4C02-8AA7-5464450CDF46}"
EndProject
Project("{2150E333-8FDC-42A3-9474-1A3956D46DE8}") = "LessonOneModuleTwo", "LessonOneModuleTwo", "{B8E4BBA7-ED81-42A4-A27A-96B3B1042EE9}"
EndProject
Project("{9A19103F-16F7-4668-BE54-9A1E7A4F7556}") = "FirstTaskArrayRangeCounter", "FirstTaskArrayRangeCounter\FirstTaskArrayRangeCounter.csproj", "{1BAB564C-D61D-4B23-BC5D-257A501322F8}"
EndProject
Project("{9A19103F-16F7-4668-BE54-9A1E7A4F7556}") = "SecondTaskArrayCopy", "SecondTaskArrayCopy\SecondTaskArrayCopy.csproj", "{AFE7430F-1331-4680-BDA1-E7B583C8AE52}"
EndProject
Project("{9A19103F-16F7-4668-BE54-9A1E7A4F7556}") = "LessonOneFinalModuleHW", "LessonOneFinalModuleHW\LessonOneFinalModuleHW.csproj", "{A5F01DCB-D15D-4FAA-96B9-0CB4FA7BE537}"
EndProject
Project("{9A19103F-16F7-4668-BE54-9A1E7A4F7556}") = "LoggerApp", "LoggerApp\LoggerApp.csproj", "{9640140F-1A81-4830-9E02-6C8FA52F27AB}"
EndProject
Project("{9A19103F-16F7-4668-BE54-9A1E7A4F7556}") = "SimpleConsoleOnlineStore", "SimpleConsoleOnlineStore\SimpleConsoleOnlineStore.csproj", "{AF4440DD-43B0-438F-865E-5E9B4BF0DC0D}"
EndProject
Project("{FAE04EC0-301F-11D3-BF4B-00C04F79EFBC}") = "FamilyOOPApp", "FamalyOOPApp\FamilyOOPApp.csproj", "{58D6C342-96E6-4B0C-B806-BFFF5676B9F1}"
EndProject
Global
	GlobalSection(SolutionConfigurationPlatforms) = preSolution
		Debug|Any CPU = Debug|Any CPU
		Release|Any CPU = Release|Any CPU
	EndGlobalSection
	GlobalSection(ProjectConfigurationPlatforms) = postSolution
		{1EC5E81F-2A3C-4B15-A2D3-FAD87DCACA87}.Debug|Any CPU.ActiveCfg = Debug|Any CPU
		{1EC5E81F-2A3C-4B15-A2D3-FAD87DCACA87}.Debug|Any CPU.Build.0 = Debug|Any CPU
		{1EC5E81F-2A3C-4B15-A2D3-FAD87DCACA87}.Release|Any CPU.ActiveCfg = Release|Any CPU
		{1EC5E81F-2A3C-4B15-A2D3-FAD87DCACA87}.Release|Any CPU.Build.0 = Release|Any CPU
		{132E47B6-7A22-4C83-AE94-DD2A80564092}.Debug|Any CPU.ActiveCfg = Debug|Any CPU
		{132E47B6-7A22-4C83-AE94-DD2A80564092}.Debug|Any CPU.Build.0 = Debug|Any CPU
		{132E47B6-7A22-4C83-AE94-DD2A80564092}.Release|Any CPU.ActiveCfg = Release|Any CPU
		{132E47B6-7A22-4C83-AE94-DD2A80564092}.Release|Any CPU.Build.0 = Release|Any CPU
		{575F51B7-6265-44DC-A5C0-B6AFC2C66D05}.Debug|Any CPU.ActiveCfg = Debug|Any CPU
		{575F51B7-6265-44DC-A5C0-B6AFC2C66D05}.Debug|Any CPU.Build.0 = Debug|Any CPU
		{575F51B7-6265-44DC-A5C0-B6AFC2C66D05}.Release|Any CPU.ActiveCfg = Release|Any CPU
		{575F51B7-6265-44DC-A5C0-B6AFC2C66D05}.Release|Any CPU.Build.0 = Release|Any CPU
		{133FD193-19BE-4C02-8AA7-5464450CDF46}.Debug|Any CPU.ActiveCfg = Debug|Any CPU
		{133FD193-19BE-4C02-8AA7-5464450CDF46}.Debug|Any CPU.Build.0 = Debug|Any CPU
		{133FD193-19BE-4C02-8AA7-5464450CDF46}.Release|Any CPU.ActiveCfg = Release|Any CPU
		{133FD193-19BE-4C02-8AA7-5464450CDF46}.Release|Any CPU.Build.0 = Release|Any CPU
		{1BAB564C-D61D-4B23-BC5D-257A501322F8}.Debug|Any CPU.ActiveCfg = Debug|Any CPU
		{1BAB564C-D61D-4B23-BC5D-257A501322F8}.Debug|Any CPU.Build.0 = Debug|Any CPU
		{1BAB564C-D61D-4B23-BC5D-257A501322F8}.Release|Any CPU.ActiveCfg = Release|Any CPU
		{1BAB564C-D61D-4B23-BC5D-257A501322F8}.Release|Any CPU.Build.0 = Release|Any CPU
		{AFE7430F-1331-4680-BDA1-E7B583C8AE52}.Debug|Any CPU.ActiveCfg = Debug|Any CPU
		{AFE7430F-1331-4680-BDA1-E7B583C8AE52}.Debug|Any CPU.Build.0 = Debug|Any CPU
		{AFE7430F-1331-4680-BDA1-E7B583C8AE52}.Release|Any CPU.ActiveCfg = Release|Any CPU
		{AFE7430F-1331-4680-BDA1-E7B583C8AE52}.Release|Any CPU.Build.0 = Release|Any CPU
		{A5F01DCB-D15D-4FAA-96B9-0CB4FA7BE537}.Debug|Any CPU.ActiveCfg = Debug|Any CPU
		{A5F01DCB-D15D-4FAA-96B9-0CB4FA7BE537}.Debug|Any CPU.Build.0 = Debug|Any CPU
		{A5F01DCB-D15D-4FAA-96B9-0CB4FA7BE537}.Release|Any CPU.ActiveCfg = Release|Any CPU
		{A5F01DCB-D15D-4FAA-96B9-0CB4FA7BE537}.Release|Any CPU.Build.0 = Release|Any CPU
		{9640140F-1A81-4830-9E02-6C8FA52F27AB}.Debug|Any CPU.ActiveCfg = Debug|Any CPU
		{9640140F-1A81-4830-9E02-6C8FA52F27AB}.Debug|Any CPU.Build.0 = Debug|Any CPU
		{9640140F-1A81-4830-9E02-6C8FA52F27AB}.Release|Any CPU.ActiveCfg = Release|Any CPU
		{9640140F-1A81-4830-9E02-6C8FA52F27AB}.Release|Any CPU.Build.0 = Release|Any CPU
		{AF4440DD-43B0-438F-865E-5E9B4BF0DC0D}.Debug|Any CPU.ActiveCfg = Debug|Any CPU
		{AF4440DD-43B0-438F-865E-5E9B4BF0DC0D}.Debug|Any CPU.Build.0 = Debug|Any CPU
		{AF4440DD-43B0-438F-865E-5E9B4BF0DC0D}.Release|Any CPU.ActiveCfg = Release|Any CPU
		{AF4440DD-43B0-438F-865E-5E9B4BF0DC0D}.Release|Any CPU.Build.0 = Release|Any CPU
		{58D6C342-96E6-4B0C-B806-BFFF5676B9F1}.Debug|Any CPU.ActiveCfg = Debug|Any CPU
		{58D6C342-96E6-4B0C-B806-BFFF5676B9F1}.Debug|Any CPU.Build.0 = Debug|Any CPU
		{58D6C342-96E6-4B0C-B806-BFFF5676B9F1}.Release|Any CPU.ActiveCfg = Release|Any CPU
		{58D6C342-96E6-4B0C-B806-BFFF5676B9F1}.Release|Any CPU.Build.0 = Release|Any CPU
	EndGlobalSection
	GlobalSection(SolutionProperties) = preSolution
		HideSolutionNode = FALSE
	EndGlobalSection
	GlobalSection(NestedProjects) = preSolution
		{1BAB564C-D61D-4B23-BC5D-257A501322F8} = {B8E4BBA7-ED81-42A4-A27A-96B3B1042EE9}
		{AFE7430F-1331-4680-BDA1-E7B583C8AE52} = {B8E4BBA7-ED81-42A4-A27A-96B3B1042EE9}
	EndGlobalSection
	GlobalSection(ExtensibilityGlobals) = postSolution
		SolutionGuid = {DE25789E-E68A-4CE4-B65A-8F9BC5908E4B}
	EndGlobalSection
EndGlobal
