
Microsoft Visual Studio Solution File, Format Version 12.00
# Visual Studio Version 17
VisualStudioVersion = 17.2.32519.379
MinimumVisualStudioVersion = 10.0.40219.1
Project("{FAE04EC0-301F-11D3-BF4B-00C04F79EFBC}") = "LessonOneALevel", "LessonOneALevel\LessonOneALevel.csproj", "{1EC5E81F-2A3C-4B15-A2D3-FAD87DCACA87}"
EndProject
Project("{FAE04EC0-301F-11D3-BF4B-00C04F79EFBC}") = "HelloMessagesLib", "HelloWorldLib\HelloMessagesLib.csproj", "{132E47B6-7A22-4C83-AE94-DD2A80564092}"
EndProject
Project("{FAE04EC0-301F-11D3-BF4B-00C04F79EFBC}") = "LowLevelMathematicsLib", "LowLevelMathematicsLib\LowLevelMathematicsLib.csproj", "{575F51B7-6265-44DC-A5C0-B6AFC2C66D05}"
EndProject
Project("{FAE04EC0-301F-11D3-BF4B-00C04F79EFBC}") = "MathematicsLib", "MatheticsLib\MathematicsLib.csproj", "{133FD193-19BE-4C02-8AA7-5464450CDF46}"
EndProject
Global
	GlobalSection(SolutionConfigurationPlatforms) = preSolution
		Debug|Any CPU = Debug|Any CPU
		Release|Any CPU = Release|Any CPU
	EndGlobalSection
	GlobalSection(ProjectConfigurationPlatforms) = postSolution
		{1EC5E81F-2A3C-4B15-A2D3-FAD87DCACA87}.Debug|Any CPU.ActiveCfg = Debug|Any CPU
		{1EC5E81F-2A3C-4B15-A2D3-FAD87DCACA87}.Debug|Any CPU.Build.0 = Debug|Any CPU
		{1EC5E81F-2A3C-4B15-A2D3-FAD87DCACA87}.Release|Any CPU.ActiveCfg = Release|Any CPU
		{1EC5E81F-2A3C-4B15-A2D3-FAD87DCACA87}.Release|Any CPU.Build.0 = Release|Any CPU
		{132E47B6-7A22-4C83-AE94-DD2A80564092}.Debug|Any CPU.ActiveCfg = Debug|Any CPU
		{132E47B6-7A22-4C83-AE94-DD2A80564092}.Debug|Any CPU.Build.0 = Debug|Any CPU
		{132E47B6-7A22-4C83-AE94-DD2A80564092}.Release|Any CPU.ActiveCfg = Release|Any CPU
		{132E47B6-7A22-4C83-AE94-DD2A80564092}.Release|Any CPU.Build.0 = Release|Any CPU
		{575F51B7-6265-44DC-A5C0-B6AFC2C66D05}.Debug|Any CPU.ActiveCfg = Debug|Any CPU
		{575F51B7-6265-44DC-A5C0-B6AFC2C66D05}.Debug|Any CPU.Build.0 = Debug|Any CPU
		{575F51B7-6265-44DC-A5C0-B6AFC2C66D05}.Release|Any CPU.ActiveCfg = Release|Any CPU
		{575F51B7-6265-44DC-A5C0-B6AFC2C66D05}.Release|Any CPU.Build.0 = Release|Any CPU
		{133FD193-19BE-4C02-8AA7-5464450CDF46}.Debug|Any CPU.ActiveCfg = Debug|Any CPU
		{133FD193-19BE-4C02-8AA7-5464450CDF46}.Debug|Any CPU.Build.0 = Debug|Any CPU
		{133FD193-19BE-4C02-8AA7-5464450CDF46}.Release|Any CPU.ActiveCfg = Release|Any CPU
		{133FD193-19BE-4C02-8AA7-5464450CDF46}.Release|Any CPU.Build.0 = Release|Any CPU
	EndGlobalSection
	GlobalSection(SolutionProperties) = preSolution
		HideSolutionNode = FALSE
	EndGlobalSection
	GlobalSection(ExtensibilityGlobals) = postSolution
		SolutionGuid = {DE25789E-E68A-4CE4-B65A-8F9BC5908E4B}
	EndGlobalSection
EndGlobal
